
Microsoft Visual Studio Solution File, Format Version 12.00
# Visual Studio 15
VisualStudioVersion = 15.0.28307.421
MinimumVisualStudioVersion = 10.0.40219.1
Project("{2150E333-8FDC-42A3-9474-1A3956D46DE8}") = "Capitulo 1", "Capitulo 1", "{38E30843-340B-43C7-AD1F-A83DA31275E4}"
EndProject
Project("{2150E333-8FDC-42A3-9474-1A3956D46DE8}") = "Ejemplo1", "Ejemplo1", "{7DAB9935-8860-4733-ACE2-22DC96C515F9}"
EndProject
Project("{FAE04EC0-301F-11D3-BF4B-00C04F79EFBC}") = "Ejemplo1Cap1", "Ejemplo1Cap1\Ejemplo1Cap1.csproj", "{43898098-9AF0-4DB1-A767-440B63E8BA31}"
EndProject
Project("{2150E333-8FDC-42A3-9474-1A3956D46DE8}") = "Ejemplo2", "Ejemplo2", "{DAEE5900-48EB-4E85-A0D1-0CAB25C61F9B}"
EndProject
Project("{FAE04EC0-301F-11D3-BF4B-00C04F79EFBC}") = "Ejemplo 2", "Ejemplo 2\Ejemplo 2.csproj", "{E30AC28E-E4EA-4A0C-9355-05637ADB1AFF}"
EndProject
Project("{2150E333-8FDC-42A3-9474-1A3956D46DE8}") = "Ejemplo3", "Ejemplo3", "{2D61B375-05F9-436C-AB7D-54C06CA1D478}"
EndProject
Project("{FAE04EC0-301F-11D3-BF4B-00C04F79EFBC}") = "Ejemplo 3", "Ejemplo 3\Ejemplo 3.csproj", "{223153C1-AFCD-4DC6-BEA2-8A8D7462CAE8}"
EndProject
Project("{2150E333-8FDC-42A3-9474-1A3956D46DE8}") = "Ejemplo4", "Ejemplo4", "{62CD78A1-1CDC-4420-B207-B1FF6666D7A0}"
EndProject
Project("{FAE04EC0-301F-11D3-BF4B-00C04F79EFBC}") = "Ejemplo 4", "Ejemplo 4\Ejemplo 4.csproj", "{33DAD75C-D86E-4967-85E4-47C567D0D8C7}"
EndProject
Project("{2150E333-8FDC-42A3-9474-1A3956D46DE8}") = "Ejemplo5", "Ejemplo5", "{D41A7C45-395F-458D-A5B5-A850F2E51274}"
EndProject
Project("{FAE04EC0-301F-11D3-BF4B-00C04F79EFBC}") = "Ejemplo 5", "Ejemplo 5\Ejemplo 5.csproj", "{8D252E08-1454-4A0C-ACF5-892504F3B6FA}"
EndProject
Project("{2150E333-8FDC-42A3-9474-1A3956D46DE8}") = "Bonus 1", "Bonus 1", "{4574242E-F3A6-4E20-BFD7-CE1562089506}"
EndProject
Project("{FAE04EC0-301F-11D3-BF4B-00C04F79EFBC}") = "Bonus 1", "Bonus 1\Bonus 1.csproj", "{5C9358B2-F242-419D-A5CC-585DDC45BE6E}"
EndProject
Project("{2150E333-8FDC-42A3-9474-1A3956D46DE8}") = "Bonus 2", "Bonus 2", "{6DED8AB4-4896-4483-AD27-EF00E7F21B00}"
EndProject
Project("{FAE04EC0-301F-11D3-BF4B-00C04F79EFBC}") = "Bonus 2", "Bonus 2\Bonus 2.csproj", "{7A2EB1C2-0FAF-4991-94F9-A3182B8C9A6B}"
EndProject
Project("{2150E333-8FDC-42A3-9474-1A3956D46DE8}") = "Ejemplo6", "Ejemplo6", "{DB14FD27-9185-4919-926E-3E22F7F08EA4}"
EndProject
Project("{FAE04EC0-301F-11D3-BF4B-00C04F79EFBC}") = "Ejemplo 6", "Ejemplo 6\Ejemplo 6.csproj", "{402BD8D8-66F1-4233-A5DE-6D37FC13C0F1}"
EndProject
Project("{2150E333-8FDC-42A3-9474-1A3956D46DE8}") = "Ejemplo7", "Ejemplo7", "{3062BE79-2252-4B36-957F-809F8D3D58E9}"
EndProject
Project("{FAE04EC0-301F-11D3-BF4B-00C04F79EFBC}") = "Ejemplo 7", "Ejemplo 7\Ejemplo 7.csproj", "{02370F7C-8B25-4357-BAD7-CC0361742B24}"
EndProject
Project("{2150E333-8FDC-42A3-9474-1A3956D46DE8}") = "Ejemplo8", "Ejemplo8", "{EAB5F226-1165-4CAF-BF00-DE68A9D2C225}"
EndProject
Project("{FAE04EC0-301F-11D3-BF4B-00C04F79EFBC}") = "Ejemplo 8", "Ejemplo 8\Ejemplo 8.csproj", "{71F14E24-3A21-43EA-AF36-09506CCA857E}"
EndProject
Project("{2150E333-8FDC-42A3-9474-1A3956D46DE8}") = "Ejemplo9", "Ejemplo9", "{0DD30152-312C-4CE3-B9EA-84EF4C741FF8}"
EndProject
Project("{FAE04EC0-301F-11D3-BF4B-00C04F79EFBC}") = "Ejemplo 9", "Ejemplo 9\Ejemplo 9.csproj", "{06AFF659-1FB3-445C-B4C8-EB3D2A4D1D22}"
EndProject
Project("{2150E333-8FDC-42A3-9474-1A3956D46DE8}") = "Ejemplo10", "Ejemplo10", "{F4B579E1-0F57-46C1-BF8F-07C9222462DD}"
EndProject
Project("{FAE04EC0-301F-11D3-BF4B-00C04F79EFBC}") = "Ejemplo 10", "Ejemplo 10\Ejemplo 10.csproj", "{5CBA3B04-CFEA-4E07-9811-4BB5C4794554}"
EndProject
Project("{2150E333-8FDC-42A3-9474-1A3956D46DE8}") = "Ejemplo11", "Ejemplo11", "{622E2836-1908-441E-8853-1F75FFF325B7}"
EndProject
Project("{FAE04EC0-301F-11D3-BF4B-00C04F79EFBC}") = "Ejemplo 11", "Ejemplo 11\Ejemplo 11.csproj", "{10F0C3A1-94B0-4CAF-9D0D-B99A33EBFA07}"
EndProject
Project("{2150E333-8FDC-42A3-9474-1A3956D46DE8}") = "Ejemplo12", "Ejemplo12", "{9A684FFD-F30D-45FF-B555-782C78BADAB7}"
EndProject
Project("{FAE04EC0-301F-11D3-BF4B-00C04F79EFBC}") = "Ejemplo 12", "Ejemplo 12\Ejemplo 12.csproj", "{F3EE002C-10A6-4128-8CCE-3365CE43065F}"
EndProject
Project("{2150E333-8FDC-42A3-9474-1A3956D46DE8}") = "Ejemplo13", "Ejemplo13", "{D29F3AD4-941D-4842-BB01-2AD32CAA2F90}"
EndProject
Project("{FAE04EC0-301F-11D3-BF4B-00C04F79EFBC}") = "Ejemplo 13", "Ejemplo 13\Ejemplo 13.csproj", "{EE86D7BF-9995-4103-AD73-101C3D7CE61F}"
EndProject
Project("{2150E333-8FDC-42A3-9474-1A3956D46DE8}") = "Ejemplo14", "Ejemplo14", "{DF4ED69F-145D-4C3D-9A0B-922D4BB4074C}"
EndProject
Project("{FAE04EC0-301F-11D3-BF4B-00C04F79EFBC}") = "Ejemplo14", "Ejemplo14\Ejemplo14.csproj", "{B0E684E2-1D68-4D0F-B5F0-1E79CCB7B91A}"
EndProject
Project("{2150E333-8FDC-42A3-9474-1A3956D46DE8}") = "Ejemplo15", "Ejemplo15", "{18D11AF5-C0EA-4C26-911E-B61C7DC0B5D2}"
EndProject
Project("{FAE04EC0-301F-11D3-BF4B-00C04F79EFBC}") = "Ejemplo15", "Ejemplo15\Ejemplo15.csproj", "{41DD0F1B-D44F-4289-AE35-DAAA6498A74A}"
EndProject
Project("{2150E333-8FDC-42A3-9474-1A3956D46DE8}") = "Ejemplo16", "Ejemplo16", "{C170057D-5739-41B6-AC36-D5BB916DB029}"
EndProject
Project("{FAE04EC0-301F-11D3-BF4B-00C04F79EFBC}") = "Ejemplo16", "Ejemplo16\Ejemplo16.csproj", "{CE4878A4-7E6C-4FD4-8823-38419AAAF6E5}"
EndProject
Project("{2150E333-8FDC-42A3-9474-1A3956D46DE8}") = "Ejemplo17", "Ejemplo17", "{F83DC248-522D-4A9D-A850-70A438A83F0A}"
EndProject
Project("{FAE04EC0-301F-11D3-BF4B-00C04F79EFBC}") = "Ejemplo17", "Ejemplo17\Ejemplo17.csproj", "{E3DEBEDE-8002-422E-92AA-C7D0A14FF1D7}"
EndProject
Project("{2150E333-8FDC-42A3-9474-1A3956D46DE8}") = "Ejemplo18", "Ejemplo18", "{CDD787FD-FFBB-4FFD-BF41-3AE322CC587F}"
EndProject
Project("{FAE04EC0-301F-11D3-BF4B-00C04F79EFBC}") = "Ejemplo18", "Ejemplo18\Ejemplo18.csproj", "{84AFD7CF-CF0F-40AD-991E-2C11F03FEA15}"
EndProject
Project("{2150E333-8FDC-42A3-9474-1A3956D46DE8}") = "Ejemplo19", "Ejemplo19", "{B867693E-1A49-43F1-9347-4CBFB2A11D80}"
EndProject
Project("{FAE04EC0-301F-11D3-BF4B-00C04F79EFBC}") = "Ejemplo19", "Ejemplo19\Ejemplo19.csproj", "{BA62F0A4-BEE2-43B5-9E9E-DAE66D180904}"
EndProject
Global
	GlobalSection(SolutionConfigurationPlatforms) = preSolution
		Debug|Any CPU = Debug|Any CPU
		Debug|ARM = Debug|ARM
		Debug|ARM64 = Debug|ARM64
		Debug|x64 = Debug|x64
		Debug|x86 = Debug|x86
		Release|Any CPU = Release|Any CPU
		Release|ARM = Release|ARM
		Release|ARM64 = Release|ARM64
		Release|x64 = Release|x64
		Release|x86 = Release|x86
	EndGlobalSection
	GlobalSection(ProjectConfigurationPlatforms) = postSolution
		{43898098-9AF0-4DB1-A767-440B63E8BA31}.Debug|Any CPU.ActiveCfg = Debug|Any CPU
		{43898098-9AF0-4DB1-A767-440B63E8BA31}.Debug|Any CPU.Build.0 = Debug|Any CPU
		{43898098-9AF0-4DB1-A767-440B63E8BA31}.Debug|ARM.ActiveCfg = Debug|Any CPU
		{43898098-9AF0-4DB1-A767-440B63E8BA31}.Debug|ARM.Build.0 = Debug|Any CPU
		{43898098-9AF0-4DB1-A767-440B63E8BA31}.Debug|ARM64.ActiveCfg = Debug|Any CPU
		{43898098-9AF0-4DB1-A767-440B63E8BA31}.Debug|ARM64.Build.0 = Debug|Any CPU
		{43898098-9AF0-4DB1-A767-440B63E8BA31}.Debug|x64.ActiveCfg = Debug|Any CPU
		{43898098-9AF0-4DB1-A767-440B63E8BA31}.Debug|x64.Build.0 = Debug|Any CPU
		{43898098-9AF0-4DB1-A767-440B63E8BA31}.Debug|x86.ActiveCfg = Debug|Any CPU
		{43898098-9AF0-4DB1-A767-440B63E8BA31}.Debug|x86.Build.0 = Debug|Any CPU
		{43898098-9AF0-4DB1-A767-440B63E8BA31}.Release|Any CPU.ActiveCfg = Release|Any CPU
		{43898098-9AF0-4DB1-A767-440B63E8BA31}.Release|Any CPU.Build.0 = Release|Any CPU
		{43898098-9AF0-4DB1-A767-440B63E8BA31}.Release|ARM.ActiveCfg = Release|Any CPU
		{43898098-9AF0-4DB1-A767-440B63E8BA31}.Release|ARM.Build.0 = Release|Any CPU
		{43898098-9AF0-4DB1-A767-440B63E8BA31}.Release|ARM64.ActiveCfg = Release|Any CPU
		{43898098-9AF0-4DB1-A767-440B63E8BA31}.Release|ARM64.Build.0 = Release|Any CPU
		{43898098-9AF0-4DB1-A767-440B63E8BA31}.Release|x64.ActiveCfg = Release|Any CPU
		{43898098-9AF0-4DB1-A767-440B63E8BA31}.Release|x64.Build.0 = Release|Any CPU
		{43898098-9AF0-4DB1-A767-440B63E8BA31}.Release|x86.ActiveCfg = Release|Any CPU
		{43898098-9AF0-4DB1-A767-440B63E8BA31}.Release|x86.Build.0 = Release|Any CPU
		{E30AC28E-E4EA-4A0C-9355-05637ADB1AFF}.Debug|Any CPU.ActiveCfg = Debug|Any CPU
		{E30AC28E-E4EA-4A0C-9355-05637ADB1AFF}.Debug|Any CPU.Build.0 = Debug|Any CPU
		{E30AC28E-E4EA-4A0C-9355-05637ADB1AFF}.Debug|ARM.ActiveCfg = Debug|Any CPU
		{E30AC28E-E4EA-4A0C-9355-05637ADB1AFF}.Debug|ARM.Build.0 = Debug|Any CPU
		{E30AC28E-E4EA-4A0C-9355-05637ADB1AFF}.Debug|ARM64.ActiveCfg = Debug|Any CPU
		{E30AC28E-E4EA-4A0C-9355-05637ADB1AFF}.Debug|ARM64.Build.0 = Debug|Any CPU
		{E30AC28E-E4EA-4A0C-9355-05637ADB1AFF}.Debug|x64.ActiveCfg = Debug|Any CPU
		{E30AC28E-E4EA-4A0C-9355-05637ADB1AFF}.Debug|x64.Build.0 = Debug|Any CPU
		{E30AC28E-E4EA-4A0C-9355-05637ADB1AFF}.Debug|x86.ActiveCfg = Debug|Any CPU
		{E30AC28E-E4EA-4A0C-9355-05637ADB1AFF}.Debug|x86.Build.0 = Debug|Any CPU
		{E30AC28E-E4EA-4A0C-9355-05637ADB1AFF}.Release|Any CPU.ActiveCfg = Release|Any CPU
		{E30AC28E-E4EA-4A0C-9355-05637ADB1AFF}.Release|Any CPU.Build.0 = Release|Any CPU
		{E30AC28E-E4EA-4A0C-9355-05637ADB1AFF}.Release|ARM.ActiveCfg = Release|Any CPU
		{E30AC28E-E4EA-4A0C-9355-05637ADB1AFF}.Release|ARM.Build.0 = Release|Any CPU
		{E30AC28E-E4EA-4A0C-9355-05637ADB1AFF}.Release|ARM64.ActiveCfg = Release|Any CPU
		{E30AC28E-E4EA-4A0C-9355-05637ADB1AFF}.Release|ARM64.Build.0 = Release|Any CPU
		{E30AC28E-E4EA-4A0C-9355-05637ADB1AFF}.Release|x64.ActiveCfg = Release|Any CPU
		{E30AC28E-E4EA-4A0C-9355-05637ADB1AFF}.Release|x64.Build.0 = Release|Any CPU
		{E30AC28E-E4EA-4A0C-9355-05637ADB1AFF}.Release|x86.ActiveCfg = Release|Any CPU
		{E30AC28E-E4EA-4A0C-9355-05637ADB1AFF}.Release|x86.Build.0 = Release|Any CPU
		{223153C1-AFCD-4DC6-BEA2-8A8D7462CAE8}.Debug|Any CPU.ActiveCfg = Debug|Any CPU
		{223153C1-AFCD-4DC6-BEA2-8A8D7462CAE8}.Debug|Any CPU.Build.0 = Debug|Any CPU
		{223153C1-AFCD-4DC6-BEA2-8A8D7462CAE8}.Debug|ARM.ActiveCfg = Debug|Any CPU
		{223153C1-AFCD-4DC6-BEA2-8A8D7462CAE8}.Debug|ARM.Build.0 = Debug|Any CPU
		{223153C1-AFCD-4DC6-BEA2-8A8D7462CAE8}.Debug|ARM64.ActiveCfg = Debug|Any CPU
		{223153C1-AFCD-4DC6-BEA2-8A8D7462CAE8}.Debug|ARM64.Build.0 = Debug|Any CPU
		{223153C1-AFCD-4DC6-BEA2-8A8D7462CAE8}.Debug|x64.ActiveCfg = Debug|Any CPU
		{223153C1-AFCD-4DC6-BEA2-8A8D7462CAE8}.Debug|x64.Build.0 = Debug|Any CPU
		{223153C1-AFCD-4DC6-BEA2-8A8D7462CAE8}.Debug|x86.ActiveCfg = Debug|Any CPU
		{223153C1-AFCD-4DC6-BEA2-8A8D7462CAE8}.Debug|x86.Build.0 = Debug|Any CPU
		{223153C1-AFCD-4DC6-BEA2-8A8D7462CAE8}.Release|Any CPU.ActiveCfg = Release|Any CPU
		{223153C1-AFCD-4DC6-BEA2-8A8D7462CAE8}.Release|Any CPU.Build.0 = Release|Any CPU
		{223153C1-AFCD-4DC6-BEA2-8A8D7462CAE8}.Release|ARM.ActiveCfg = Release|Any CPU
		{223153C1-AFCD-4DC6-BEA2-8A8D7462CAE8}.Release|ARM.Build.0 = Release|Any CPU
		{223153C1-AFCD-4DC6-BEA2-8A8D7462CAE8}.Release|ARM64.ActiveCfg = Release|Any CPU
		{223153C1-AFCD-4DC6-BEA2-8A8D7462CAE8}.Release|ARM64.Build.0 = Release|Any CPU
		{223153C1-AFCD-4DC6-BEA2-8A8D7462CAE8}.Release|x64.ActiveCfg = Release|Any CPU
		{223153C1-AFCD-4DC6-BEA2-8A8D7462CAE8}.Release|x64.Build.0 = Release|Any CPU
		{223153C1-AFCD-4DC6-BEA2-8A8D7462CAE8}.Release|x86.ActiveCfg = Release|Any CPU
		{223153C1-AFCD-4DC6-BEA2-8A8D7462CAE8}.Release|x86.Build.0 = Release|Any CPU
		{33DAD75C-D86E-4967-85E4-47C567D0D8C7}.Debug|Any CPU.ActiveCfg = Debug|Any CPU
		{33DAD75C-D86E-4967-85E4-47C567D0D8C7}.Debug|Any CPU.Build.0 = Debug|Any CPU
		{33DAD75C-D86E-4967-85E4-47C567D0D8C7}.Debug|ARM.ActiveCfg = Debug|Any CPU
		{33DAD75C-D86E-4967-85E4-47C567D0D8C7}.Debug|ARM.Build.0 = Debug|Any CPU
		{33DAD75C-D86E-4967-85E4-47C567D0D8C7}.Debug|ARM64.ActiveCfg = Debug|Any CPU
		{33DAD75C-D86E-4967-85E4-47C567D0D8C7}.Debug|ARM64.Build.0 = Debug|Any CPU
		{33DAD75C-D86E-4967-85E4-47C567D0D8C7}.Debug|x64.ActiveCfg = Debug|Any CPU
		{33DAD75C-D86E-4967-85E4-47C567D0D8C7}.Debug|x64.Build.0 = Debug|Any CPU
		{33DAD75C-D86E-4967-85E4-47C567D0D8C7}.Debug|x86.ActiveCfg = Debug|Any CPU
		{33DAD75C-D86E-4967-85E4-47C567D0D8C7}.Debug|x86.Build.0 = Debug|Any CPU
		{33DAD75C-D86E-4967-85E4-47C567D0D8C7}.Release|Any CPU.ActiveCfg = Release|Any CPU
		{33DAD75C-D86E-4967-85E4-47C567D0D8C7}.Release|Any CPU.Build.0 = Release|Any CPU
		{33DAD75C-D86E-4967-85E4-47C567D0D8C7}.Release|ARM.ActiveCfg = Release|Any CPU
		{33DAD75C-D86E-4967-85E4-47C567D0D8C7}.Release|ARM.Build.0 = Release|Any CPU
		{33DAD75C-D86E-4967-85E4-47C567D0D8C7}.Release|ARM64.ActiveCfg = Release|Any CPU
		{33DAD75C-D86E-4967-85E4-47C567D0D8C7}.Release|ARM64.Build.0 = Release|Any CPU
		{33DAD75C-D86E-4967-85E4-47C567D0D8C7}.Release|x64.ActiveCfg = Release|Any CPU
		{33DAD75C-D86E-4967-85E4-47C567D0D8C7}.Release|x64.Build.0 = Release|Any CPU
		{33DAD75C-D86E-4967-85E4-47C567D0D8C7}.Release|x86.ActiveCfg = Release|Any CPU
		{33DAD75C-D86E-4967-85E4-47C567D0D8C7}.Release|x86.Build.0 = Release|Any CPU
		{8D252E08-1454-4A0C-ACF5-892504F3B6FA}.Debug|Any CPU.ActiveCfg = Debug|Any CPU
		{8D252E08-1454-4A0C-ACF5-892504F3B6FA}.Debug|Any CPU.Build.0 = Debug|Any CPU
		{8D252E08-1454-4A0C-ACF5-892504F3B6FA}.Debug|ARM.ActiveCfg = Debug|Any CPU
		{8D252E08-1454-4A0C-ACF5-892504F3B6FA}.Debug|ARM.Build.0 = Debug|Any CPU
		{8D252E08-1454-4A0C-ACF5-892504F3B6FA}.Debug|ARM64.ActiveCfg = Debug|Any CPU
		{8D252E08-1454-4A0C-ACF5-892504F3B6FA}.Debug|ARM64.Build.0 = Debug|Any CPU
		{8D252E08-1454-4A0C-ACF5-892504F3B6FA}.Debug|x64.ActiveCfg = Debug|Any CPU
		{8D252E08-1454-4A0C-ACF5-892504F3B6FA}.Debug|x64.Build.0 = Debug|Any CPU
		{8D252E08-1454-4A0C-ACF5-892504F3B6FA}.Debug|x86.ActiveCfg = Debug|Any CPU
		{8D252E08-1454-4A0C-ACF5-892504F3B6FA}.Debug|x86.Build.0 = Debug|Any CPU
		{8D252E08-1454-4A0C-ACF5-892504F3B6FA}.Release|Any CPU.ActiveCfg = Release|Any CPU
		{8D252E08-1454-4A0C-ACF5-892504F3B6FA}.Release|Any CPU.Build.0 = Release|Any CPU
		{8D252E08-1454-4A0C-ACF5-892504F3B6FA}.Release|ARM.ActiveCfg = Release|Any CPU
		{8D252E08-1454-4A0C-ACF5-892504F3B6FA}.Release|ARM.Build.0 = Release|Any CPU
		{8D252E08-1454-4A0C-ACF5-892504F3B6FA}.Release|ARM64.ActiveCfg = Release|Any CPU
		{8D252E08-1454-4A0C-ACF5-892504F3B6FA}.Release|ARM64.Build.0 = Release|Any CPU
		{8D252E08-1454-4A0C-ACF5-892504F3B6FA}.Release|x64.ActiveCfg = Release|Any CPU
		{8D252E08-1454-4A0C-ACF5-892504F3B6FA}.Release|x64.Build.0 = Release|Any CPU
		{8D252E08-1454-4A0C-ACF5-892504F3B6FA}.Release|x86.ActiveCfg = Release|Any CPU
		{8D252E08-1454-4A0C-ACF5-892504F3B6FA}.Release|x86.Build.0 = Release|Any CPU
		{5C9358B2-F242-419D-A5CC-585DDC45BE6E}.Debug|Any CPU.ActiveCfg = Debug|Any CPU
		{5C9358B2-F242-419D-A5CC-585DDC45BE6E}.Debug|Any CPU.Build.0 = Debug|Any CPU
		{5C9358B2-F242-419D-A5CC-585DDC45BE6E}.Debug|ARM.ActiveCfg = Debug|Any CPU
		{5C9358B2-F242-419D-A5CC-585DDC45BE6E}.Debug|ARM.Build.0 = Debug|Any CPU
		{5C9358B2-F242-419D-A5CC-585DDC45BE6E}.Debug|ARM64.ActiveCfg = Debug|Any CPU
		{5C9358B2-F242-419D-A5CC-585DDC45BE6E}.Debug|ARM64.Build.0 = Debug|Any CPU
		{5C9358B2-F242-419D-A5CC-585DDC45BE6E}.Debug|x64.ActiveCfg = Debug|Any CPU
		{5C9358B2-F242-419D-A5CC-585DDC45BE6E}.Debug|x64.Build.0 = Debug|Any CPU
		{5C9358B2-F242-419D-A5CC-585DDC45BE6E}.Debug|x86.ActiveCfg = Debug|Any CPU
		{5C9358B2-F242-419D-A5CC-585DDC45BE6E}.Debug|x86.Build.0 = Debug|Any CPU
		{5C9358B2-F242-419D-A5CC-585DDC45BE6E}.Release|Any CPU.ActiveCfg = Release|Any CPU
		{5C9358B2-F242-419D-A5CC-585DDC45BE6E}.Release|Any CPU.Build.0 = Release|Any CPU
		{5C9358B2-F242-419D-A5CC-585DDC45BE6E}.Release|ARM.ActiveCfg = Release|Any CPU
		{5C9358B2-F242-419D-A5CC-585DDC45BE6E}.Release|ARM.Build.0 = Release|Any CPU
		{5C9358B2-F242-419D-A5CC-585DDC45BE6E}.Release|ARM64.ActiveCfg = Release|Any CPU
		{5C9358B2-F242-419D-A5CC-585DDC45BE6E}.Release|ARM64.Build.0 = Release|Any CPU
		{5C9358B2-F242-419D-A5CC-585DDC45BE6E}.Release|x64.ActiveCfg = Release|Any CPU
		{5C9358B2-F242-419D-A5CC-585DDC45BE6E}.Release|x64.Build.0 = Release|Any CPU
		{5C9358B2-F242-419D-A5CC-585DDC45BE6E}.Release|x86.ActiveCfg = Release|Any CPU
		{5C9358B2-F242-419D-A5CC-585DDC45BE6E}.Release|x86.Build.0 = Release|Any CPU
		{7A2EB1C2-0FAF-4991-94F9-A3182B8C9A6B}.Debug|Any CPU.ActiveCfg = Debug|Any CPU
		{7A2EB1C2-0FAF-4991-94F9-A3182B8C9A6B}.Debug|Any CPU.Build.0 = Debug|Any CPU
		{7A2EB1C2-0FAF-4991-94F9-A3182B8C9A6B}.Debug|ARM.ActiveCfg = Debug|Any CPU
		{7A2EB1C2-0FAF-4991-94F9-A3182B8C9A6B}.Debug|ARM.Build.0 = Debug|Any CPU
		{7A2EB1C2-0FAF-4991-94F9-A3182B8C9A6B}.Debug|ARM64.ActiveCfg = Debug|Any CPU
		{7A2EB1C2-0FAF-4991-94F9-A3182B8C9A6B}.Debug|ARM64.Build.0 = Debug|Any CPU
		{7A2EB1C2-0FAF-4991-94F9-A3182B8C9A6B}.Debug|x64.ActiveCfg = Debug|Any CPU
		{7A2EB1C2-0FAF-4991-94F9-A3182B8C9A6B}.Debug|x64.Build.0 = Debug|Any CPU
		{7A2EB1C2-0FAF-4991-94F9-A3182B8C9A6B}.Debug|x86.ActiveCfg = Debug|Any CPU
		{7A2EB1C2-0FAF-4991-94F9-A3182B8C9A6B}.Debug|x86.Build.0 = Debug|Any CPU
		{7A2EB1C2-0FAF-4991-94F9-A3182B8C9A6B}.Release|Any CPU.ActiveCfg = Release|Any CPU
		{7A2EB1C2-0FAF-4991-94F9-A3182B8C9A6B}.Release|Any CPU.Build.0 = Release|Any CPU
		{7A2EB1C2-0FAF-4991-94F9-A3182B8C9A6B}.Release|ARM.ActiveCfg = Release|Any CPU
		{7A2EB1C2-0FAF-4991-94F9-A3182B8C9A6B}.Release|ARM.Build.0 = Release|Any CPU
		{7A2EB1C2-0FAF-4991-94F9-A3182B8C9A6B}.Release|ARM64.ActiveCfg = Release|Any CPU
		{7A2EB1C2-0FAF-4991-94F9-A3182B8C9A6B}.Release|ARM64.Build.0 = Release|Any CPU
		{7A2EB1C2-0FAF-4991-94F9-A3182B8C9A6B}.Release|x64.ActiveCfg = Release|Any CPU
		{7A2EB1C2-0FAF-4991-94F9-A3182B8C9A6B}.Release|x64.Build.0 = Release|Any CPU
		{7A2EB1C2-0FAF-4991-94F9-A3182B8C9A6B}.Release|x86.ActiveCfg = Release|Any CPU
		{7A2EB1C2-0FAF-4991-94F9-A3182B8C9A6B}.Release|x86.Build.0 = Release|Any CPU
		{402BD8D8-66F1-4233-A5DE-6D37FC13C0F1}.Debug|Any CPU.ActiveCfg = Debug|Any CPU
		{402BD8D8-66F1-4233-A5DE-6D37FC13C0F1}.Debug|Any CPU.Build.0 = Debug|Any CPU
		{402BD8D8-66F1-4233-A5DE-6D37FC13C0F1}.Debug|ARM.ActiveCfg = Debug|Any CPU
		{402BD8D8-66F1-4233-A5DE-6D37FC13C0F1}.Debug|ARM.Build.0 = Debug|Any CPU
		{402BD8D8-66F1-4233-A5DE-6D37FC13C0F1}.Debug|ARM64.ActiveCfg = Debug|Any CPU
		{402BD8D8-66F1-4233-A5DE-6D37FC13C0F1}.Debug|ARM64.Build.0 = Debug|Any CPU
		{402BD8D8-66F1-4233-A5DE-6D37FC13C0F1}.Debug|x64.ActiveCfg = Debug|Any CPU
		{402BD8D8-66F1-4233-A5DE-6D37FC13C0F1}.Debug|x64.Build.0 = Debug|Any CPU
		{402BD8D8-66F1-4233-A5DE-6D37FC13C0F1}.Debug|x86.ActiveCfg = Debug|Any CPU
		{402BD8D8-66F1-4233-A5DE-6D37FC13C0F1}.Debug|x86.Build.0 = Debug|Any CPU
		{402BD8D8-66F1-4233-A5DE-6D37FC13C0F1}.Release|Any CPU.ActiveCfg = Release|Any CPU
		{402BD8D8-66F1-4233-A5DE-6D37FC13C0F1}.Release|Any CPU.Build.0 = Release|Any CPU
		{402BD8D8-66F1-4233-A5DE-6D37FC13C0F1}.Release|ARM.ActiveCfg = Release|Any CPU
		{402BD8D8-66F1-4233-A5DE-6D37FC13C0F1}.Release|ARM.Build.0 = Release|Any CPU
		{402BD8D8-66F1-4233-A5DE-6D37FC13C0F1}.Release|ARM64.ActiveCfg = Release|Any CPU
		{402BD8D8-66F1-4233-A5DE-6D37FC13C0F1}.Release|ARM64.Build.0 = Release|Any CPU
		{402BD8D8-66F1-4233-A5DE-6D37FC13C0F1}.Release|x64.ActiveCfg = Release|Any CPU
		{402BD8D8-66F1-4233-A5DE-6D37FC13C0F1}.Release|x64.Build.0 = Release|Any CPU
		{402BD8D8-66F1-4233-A5DE-6D37FC13C0F1}.Release|x86.ActiveCfg = Release|Any CPU
		{402BD8D8-66F1-4233-A5DE-6D37FC13C0F1}.Release|x86.Build.0 = Release|Any CPU
		{02370F7C-8B25-4357-BAD7-CC0361742B24}.Debug|Any CPU.ActiveCfg = Debug|Any CPU
		{02370F7C-8B25-4357-BAD7-CC0361742B24}.Debug|Any CPU.Build.0 = Debug|Any CPU
		{02370F7C-8B25-4357-BAD7-CC0361742B24}.Debug|ARM.ActiveCfg = Debug|Any CPU
		{02370F7C-8B25-4357-BAD7-CC0361742B24}.Debug|ARM.Build.0 = Debug|Any CPU
		{02370F7C-8B25-4357-BAD7-CC0361742B24}.Debug|ARM64.ActiveCfg = Debug|Any CPU
		{02370F7C-8B25-4357-BAD7-CC0361742B24}.Debug|ARM64.Build.0 = Debug|Any CPU
		{02370F7C-8B25-4357-BAD7-CC0361742B24}.Debug|x64.ActiveCfg = Debug|Any CPU
		{02370F7C-8B25-4357-BAD7-CC0361742B24}.Debug|x64.Build.0 = Debug|Any CPU
		{02370F7C-8B25-4357-BAD7-CC0361742B24}.Debug|x86.ActiveCfg = Debug|Any CPU
		{02370F7C-8B25-4357-BAD7-CC0361742B24}.Debug|x86.Build.0 = Debug|Any CPU
		{02370F7C-8B25-4357-BAD7-CC0361742B24}.Release|Any CPU.ActiveCfg = Release|Any CPU
		{02370F7C-8B25-4357-BAD7-CC0361742B24}.Release|Any CPU.Build.0 = Release|Any CPU
		{02370F7C-8B25-4357-BAD7-CC0361742B24}.Release|ARM.ActiveCfg = Release|Any CPU
		{02370F7C-8B25-4357-BAD7-CC0361742B24}.Release|ARM.Build.0 = Release|Any CPU
		{02370F7C-8B25-4357-BAD7-CC0361742B24}.Release|ARM64.ActiveCfg = Release|Any CPU
		{02370F7C-8B25-4357-BAD7-CC0361742B24}.Release|ARM64.Build.0 = Release|Any CPU
		{02370F7C-8B25-4357-BAD7-CC0361742B24}.Release|x64.ActiveCfg = Release|Any CPU
		{02370F7C-8B25-4357-BAD7-CC0361742B24}.Release|x64.Build.0 = Release|Any CPU
		{02370F7C-8B25-4357-BAD7-CC0361742B24}.Release|x86.ActiveCfg = Release|Any CPU
		{02370F7C-8B25-4357-BAD7-CC0361742B24}.Release|x86.Build.0 = Release|Any CPU
		{71F14E24-3A21-43EA-AF36-09506CCA857E}.Debug|Any CPU.ActiveCfg = Debug|Any CPU
		{71F14E24-3A21-43EA-AF36-09506CCA857E}.Debug|Any CPU.Build.0 = Debug|Any CPU
		{71F14E24-3A21-43EA-AF36-09506CCA857E}.Debug|ARM.ActiveCfg = Debug|Any CPU
		{71F14E24-3A21-43EA-AF36-09506CCA857E}.Debug|ARM.Build.0 = Debug|Any CPU
		{71F14E24-3A21-43EA-AF36-09506CCA857E}.Debug|ARM64.ActiveCfg = Debug|Any CPU
		{71F14E24-3A21-43EA-AF36-09506CCA857E}.Debug|ARM64.Build.0 = Debug|Any CPU
		{71F14E24-3A21-43EA-AF36-09506CCA857E}.Debug|x64.ActiveCfg = Debug|Any CPU
		{71F14E24-3A21-43EA-AF36-09506CCA857E}.Debug|x64.Build.0 = Debug|Any CPU
		{71F14E24-3A21-43EA-AF36-09506CCA857E}.Debug|x86.ActiveCfg = Debug|Any CPU
		{71F14E24-3A21-43EA-AF36-09506CCA857E}.Debug|x86.Build.0 = Debug|Any CPU
		{71F14E24-3A21-43EA-AF36-09506CCA857E}.Release|Any CPU.ActiveCfg = Release|Any CPU
		{71F14E24-3A21-43EA-AF36-09506CCA857E}.Release|Any CPU.Build.0 = Release|Any CPU
		{71F14E24-3A21-43EA-AF36-09506CCA857E}.Release|ARM.ActiveCfg = Release|Any CPU
		{71F14E24-3A21-43EA-AF36-09506CCA857E}.Release|ARM.Build.0 = Release|Any CPU
		{71F14E24-3A21-43EA-AF36-09506CCA857E}.Release|ARM64.ActiveCfg = Release|Any CPU
		{71F14E24-3A21-43EA-AF36-09506CCA857E}.Release|ARM64.Build.0 = Release|Any CPU
		{71F14E24-3A21-43EA-AF36-09506CCA857E}.Release|x64.ActiveCfg = Release|Any CPU
		{71F14E24-3A21-43EA-AF36-09506CCA857E}.Release|x64.Build.0 = Release|Any CPU
		{71F14E24-3A21-43EA-AF36-09506CCA857E}.Release|x86.ActiveCfg = Release|Any CPU
		{71F14E24-3A21-43EA-AF36-09506CCA857E}.Release|x86.Build.0 = Release|Any CPU
		{06AFF659-1FB3-445C-B4C8-EB3D2A4D1D22}.Debug|Any CPU.ActiveCfg = Debug|Any CPU
		{06AFF659-1FB3-445C-B4C8-EB3D2A4D1D22}.Debug|Any CPU.Build.0 = Debug|Any CPU
		{06AFF659-1FB3-445C-B4C8-EB3D2A4D1D22}.Debug|ARM.ActiveCfg = Debug|Any CPU
		{06AFF659-1FB3-445C-B4C8-EB3D2A4D1D22}.Debug|ARM.Build.0 = Debug|Any CPU
		{06AFF659-1FB3-445C-B4C8-EB3D2A4D1D22}.Debug|ARM64.ActiveCfg = Debug|Any CPU
		{06AFF659-1FB3-445C-B4C8-EB3D2A4D1D22}.Debug|ARM64.Build.0 = Debug|Any CPU
		{06AFF659-1FB3-445C-B4C8-EB3D2A4D1D22}.Debug|x64.ActiveCfg = Debug|Any CPU
		{06AFF659-1FB3-445C-B4C8-EB3D2A4D1D22}.Debug|x64.Build.0 = Debug|Any CPU
		{06AFF659-1FB3-445C-B4C8-EB3D2A4D1D22}.Debug|x86.ActiveCfg = Debug|Any CPU
		{06AFF659-1FB3-445C-B4C8-EB3D2A4D1D22}.Debug|x86.Build.0 = Debug|Any CPU
		{06AFF659-1FB3-445C-B4C8-EB3D2A4D1D22}.Release|Any CPU.ActiveCfg = Release|Any CPU
		{06AFF659-1FB3-445C-B4C8-EB3D2A4D1D22}.Release|Any CPU.Build.0 = Release|Any CPU
		{06AFF659-1FB3-445C-B4C8-EB3D2A4D1D22}.Release|ARM.ActiveCfg = Release|Any CPU
		{06AFF659-1FB3-445C-B4C8-EB3D2A4D1D22}.Release|ARM.Build.0 = Release|Any CPU
		{06AFF659-1FB3-445C-B4C8-EB3D2A4D1D22}.Release|ARM64.ActiveCfg = Release|Any CPU
		{06AFF659-1FB3-445C-B4C8-EB3D2A4D1D22}.Release|ARM64.Build.0 = Release|Any CPU
		{06AFF659-1FB3-445C-B4C8-EB3D2A4D1D22}.Release|x64.ActiveCfg = Release|Any CPU
		{06AFF659-1FB3-445C-B4C8-EB3D2A4D1D22}.Release|x64.Build.0 = Release|Any CPU
		{06AFF659-1FB3-445C-B4C8-EB3D2A4D1D22}.Release|x86.ActiveCfg = Release|Any CPU
		{06AFF659-1FB3-445C-B4C8-EB3D2A4D1D22}.Release|x86.Build.0 = Release|Any CPU
		{5CBA3B04-CFEA-4E07-9811-4BB5C4794554}.Debug|Any CPU.ActiveCfg = Debug|Any CPU
		{5CBA3B04-CFEA-4E07-9811-4BB5C4794554}.Debug|Any CPU.Build.0 = Debug|Any CPU
		{5CBA3B04-CFEA-4E07-9811-4BB5C4794554}.Debug|ARM.ActiveCfg = Debug|Any CPU
		{5CBA3B04-CFEA-4E07-9811-4BB5C4794554}.Debug|ARM.Build.0 = Debug|Any CPU
		{5CBA3B04-CFEA-4E07-9811-4BB5C4794554}.Debug|ARM64.ActiveCfg = Debug|Any CPU
		{5CBA3B04-CFEA-4E07-9811-4BB5C4794554}.Debug|ARM64.Build.0 = Debug|Any CPU
		{5CBA3B04-CFEA-4E07-9811-4BB5C4794554}.Debug|x64.ActiveCfg = Debug|Any CPU
		{5CBA3B04-CFEA-4E07-9811-4BB5C4794554}.Debug|x64.Build.0 = Debug|Any CPU
		{5CBA3B04-CFEA-4E07-9811-4BB5C4794554}.Debug|x86.ActiveCfg = Debug|Any CPU
		{5CBA3B04-CFEA-4E07-9811-4BB5C4794554}.Debug|x86.Build.0 = Debug|Any CPU
		{5CBA3B04-CFEA-4E07-9811-4BB5C4794554}.Release|Any CPU.ActiveCfg = Release|Any CPU
		{5CBA3B04-CFEA-4E07-9811-4BB5C4794554}.Release|Any CPU.Build.0 = Release|Any CPU
		{5CBA3B04-CFEA-4E07-9811-4BB5C4794554}.Release|ARM.ActiveCfg = Release|Any CPU
		{5CBA3B04-CFEA-4E07-9811-4BB5C4794554}.Release|ARM.Build.0 = Release|Any CPU
		{5CBA3B04-CFEA-4E07-9811-4BB5C4794554}.Release|ARM64.ActiveCfg = Release|Any CPU
		{5CBA3B04-CFEA-4E07-9811-4BB5C4794554}.Release|ARM64.Build.0 = Release|Any CPU
		{5CBA3B04-CFEA-4E07-9811-4BB5C4794554}.Release|x64.ActiveCfg = Release|Any CPU
		{5CBA3B04-CFEA-4E07-9811-4BB5C4794554}.Release|x64.Build.0 = Release|Any CPU
		{5CBA3B04-CFEA-4E07-9811-4BB5C4794554}.Release|x86.ActiveCfg = Release|Any CPU
		{5CBA3B04-CFEA-4E07-9811-4BB5C4794554}.Release|x86.Build.0 = Release|Any CPU
		{10F0C3A1-94B0-4CAF-9D0D-B99A33EBFA07}.Debug|Any CPU.ActiveCfg = Debug|Any CPU
		{10F0C3A1-94B0-4CAF-9D0D-B99A33EBFA07}.Debug|Any CPU.Build.0 = Debug|Any CPU
		{10F0C3A1-94B0-4CAF-9D0D-B99A33EBFA07}.Debug|ARM.ActiveCfg = Debug|Any CPU
		{10F0C3A1-94B0-4CAF-9D0D-B99A33EBFA07}.Debug|ARM.Build.0 = Debug|Any CPU
		{10F0C3A1-94B0-4CAF-9D0D-B99A33EBFA07}.Debug|ARM64.ActiveCfg = Debug|Any CPU
		{10F0C3A1-94B0-4CAF-9D0D-B99A33EBFA07}.Debug|ARM64.Build.0 = Debug|Any CPU
		{10F0C3A1-94B0-4CAF-9D0D-B99A33EBFA07}.Debug|x64.ActiveCfg = Debug|Any CPU
		{10F0C3A1-94B0-4CAF-9D0D-B99A33EBFA07}.Debug|x64.Build.0 = Debug|Any CPU
		{10F0C3A1-94B0-4CAF-9D0D-B99A33EBFA07}.Debug|x86.ActiveCfg = Debug|Any CPU
		{10F0C3A1-94B0-4CAF-9D0D-B99A33EBFA07}.Debug|x86.Build.0 = Debug|Any CPU
		{10F0C3A1-94B0-4CAF-9D0D-B99A33EBFA07}.Release|Any CPU.ActiveCfg = Release|Any CPU
		{10F0C3A1-94B0-4CAF-9D0D-B99A33EBFA07}.Release|Any CPU.Build.0 = Release|Any CPU
		{10F0C3A1-94B0-4CAF-9D0D-B99A33EBFA07}.Release|ARM.ActiveCfg = Release|Any CPU
		{10F0C3A1-94B0-4CAF-9D0D-B99A33EBFA07}.Release|ARM.Build.0 = Release|Any CPU
		{10F0C3A1-94B0-4CAF-9D0D-B99A33EBFA07}.Release|ARM64.ActiveCfg = Release|Any CPU
		{10F0C3A1-94B0-4CAF-9D0D-B99A33EBFA07}.Release|ARM64.Build.0 = Release|Any CPU
		{10F0C3A1-94B0-4CAF-9D0D-B99A33EBFA07}.Release|x64.ActiveCfg = Release|Any CPU
		{10F0C3A1-94B0-4CAF-9D0D-B99A33EBFA07}.Release|x64.Build.0 = Release|Any CPU
		{10F0C3A1-94B0-4CAF-9D0D-B99A33EBFA07}.Release|x86.ActiveCfg = Release|Any CPU
		{10F0C3A1-94B0-4CAF-9D0D-B99A33EBFA07}.Release|x86.Build.0 = Release|Any CPU
		{F3EE002C-10A6-4128-8CCE-3365CE43065F}.Debug|Any CPU.ActiveCfg = Debug|Any CPU
		{F3EE002C-10A6-4128-8CCE-3365CE43065F}.Debug|Any CPU.Build.0 = Debug|Any CPU
		{F3EE002C-10A6-4128-8CCE-3365CE43065F}.Debug|ARM.ActiveCfg = Debug|Any CPU
		{F3EE002C-10A6-4128-8CCE-3365CE43065F}.Debug|ARM.Build.0 = Debug|Any CPU
		{F3EE002C-10A6-4128-8CCE-3365CE43065F}.Debug|ARM64.ActiveCfg = Debug|Any CPU
		{F3EE002C-10A6-4128-8CCE-3365CE43065F}.Debug|ARM64.Build.0 = Debug|Any CPU
		{F3EE002C-10A6-4128-8CCE-3365CE43065F}.Debug|x64.ActiveCfg = Debug|Any CPU
		{F3EE002C-10A6-4128-8CCE-3365CE43065F}.Debug|x64.Build.0 = Debug|Any CPU
		{F3EE002C-10A6-4128-8CCE-3365CE43065F}.Debug|x86.ActiveCfg = Debug|Any CPU
		{F3EE002C-10A6-4128-8CCE-3365CE43065F}.Debug|x86.Build.0 = Debug|Any CPU
		{F3EE002C-10A6-4128-8CCE-3365CE43065F}.Release|Any CPU.ActiveCfg = Release|Any CPU
		{F3EE002C-10A6-4128-8CCE-3365CE43065F}.Release|Any CPU.Build.0 = Release|Any CPU
		{F3EE002C-10A6-4128-8CCE-3365CE43065F}.Release|ARM.ActiveCfg = Release|Any CPU
		{F3EE002C-10A6-4128-8CCE-3365CE43065F}.Release|ARM.Build.0 = Release|Any CPU
		{F3EE002C-10A6-4128-8CCE-3365CE43065F}.Release|ARM64.ActiveCfg = Release|Any CPU
		{F3EE002C-10A6-4128-8CCE-3365CE43065F}.Release|ARM64.Build.0 = Release|Any CPU
		{F3EE002C-10A6-4128-8CCE-3365CE43065F}.Release|x64.ActiveCfg = Release|Any CPU
		{F3EE002C-10A6-4128-8CCE-3365CE43065F}.Release|x64.Build.0 = Release|Any CPU
		{F3EE002C-10A6-4128-8CCE-3365CE43065F}.Release|x86.ActiveCfg = Release|Any CPU
		{F3EE002C-10A6-4128-8CCE-3365CE43065F}.Release|x86.Build.0 = Release|Any CPU
		{EE86D7BF-9995-4103-AD73-101C3D7CE61F}.Debug|Any CPU.ActiveCfg = Debug|Any CPU
		{EE86D7BF-9995-4103-AD73-101C3D7CE61F}.Debug|Any CPU.Build.0 = Debug|Any CPU
		{EE86D7BF-9995-4103-AD73-101C3D7CE61F}.Debug|ARM.ActiveCfg = Debug|Any CPU
		{EE86D7BF-9995-4103-AD73-101C3D7CE61F}.Debug|ARM.Build.0 = Debug|Any CPU
		{EE86D7BF-9995-4103-AD73-101C3D7CE61F}.Debug|ARM64.ActiveCfg = Debug|Any CPU
		{EE86D7BF-9995-4103-AD73-101C3D7CE61F}.Debug|ARM64.Build.0 = Debug|Any CPU
		{EE86D7BF-9995-4103-AD73-101C3D7CE61F}.Debug|x64.ActiveCfg = Debug|Any CPU
		{EE86D7BF-9995-4103-AD73-101C3D7CE61F}.Debug|x64.Build.0 = Debug|Any CPU
		{EE86D7BF-9995-4103-AD73-101C3D7CE61F}.Debug|x86.ActiveCfg = Debug|Any CPU
		{EE86D7BF-9995-4103-AD73-101C3D7CE61F}.Debug|x86.Build.0 = Debug|Any CPU
		{EE86D7BF-9995-4103-AD73-101C3D7CE61F}.Release|Any CPU.ActiveCfg = Release|Any CPU
		{EE86D7BF-9995-4103-AD73-101C3D7CE61F}.Release|Any CPU.Build.0 = Release|Any CPU
		{EE86D7BF-9995-4103-AD73-101C3D7CE61F}.Release|ARM.ActiveCfg = Release|Any CPU
		{EE86D7BF-9995-4103-AD73-101C3D7CE61F}.Release|ARM.Build.0 = Release|Any CPU
		{EE86D7BF-9995-4103-AD73-101C3D7CE61F}.Release|ARM64.ActiveCfg = Release|Any CPU
		{EE86D7BF-9995-4103-AD73-101C3D7CE61F}.Release|ARM64.Build.0 = Release|Any CPU
		{EE86D7BF-9995-4103-AD73-101C3D7CE61F}.Release|x64.ActiveCfg = Release|Any CPU
		{EE86D7BF-9995-4103-AD73-101C3D7CE61F}.Release|x64.Build.0 = Release|Any CPU
		{EE86D7BF-9995-4103-AD73-101C3D7CE61F}.Release|x86.ActiveCfg = Release|Any CPU
		{EE86D7BF-9995-4103-AD73-101C3D7CE61F}.Release|x86.Build.0 = Release|Any CPU
		{B0E684E2-1D68-4D0F-B5F0-1E79CCB7B91A}.Debug|Any CPU.ActiveCfg = Debug|Any CPU
		{B0E684E2-1D68-4D0F-B5F0-1E79CCB7B91A}.Debug|Any CPU.Build.0 = Debug|Any CPU
		{B0E684E2-1D68-4D0F-B5F0-1E79CCB7B91A}.Debug|ARM.ActiveCfg = Debug|Any CPU
		{B0E684E2-1D68-4D0F-B5F0-1E79CCB7B91A}.Debug|ARM.Build.0 = Debug|Any CPU
		{B0E684E2-1D68-4D0F-B5F0-1E79CCB7B91A}.Debug|ARM64.ActiveCfg = Debug|Any CPU
		{B0E684E2-1D68-4D0F-B5F0-1E79CCB7B91A}.Debug|ARM64.Build.0 = Debug|Any CPU
		{B0E684E2-1D68-4D0F-B5F0-1E79CCB7B91A}.Debug|x64.ActiveCfg = Debug|Any CPU
		{B0E684E2-1D68-4D0F-B5F0-1E79CCB7B91A}.Debug|x64.Build.0 = Debug|Any CPU
		{B0E684E2-1D68-4D0F-B5F0-1E79CCB7B91A}.Debug|x86.ActiveCfg = Debug|Any CPU
		{B0E684E2-1D68-4D0F-B5F0-1E79CCB7B91A}.Debug|x86.Build.0 = Debug|Any CPU
		{B0E684E2-1D68-4D0F-B5F0-1E79CCB7B91A}.Release|Any CPU.ActiveCfg = Release|Any CPU
		{B0E684E2-1D68-4D0F-B5F0-1E79CCB7B91A}.Release|Any CPU.Build.0 = Release|Any CPU
		{B0E684E2-1D68-4D0F-B5F0-1E79CCB7B91A}.Release|ARM.ActiveCfg = Release|Any CPU
		{B0E684E2-1D68-4D0F-B5F0-1E79CCB7B91A}.Release|ARM.Build.0 = Release|Any CPU
		{B0E684E2-1D68-4D0F-B5F0-1E79CCB7B91A}.Release|ARM64.ActiveCfg = Release|Any CPU
		{B0E684E2-1D68-4D0F-B5F0-1E79CCB7B91A}.Release|ARM64.Build.0 = Release|Any CPU
		{B0E684E2-1D68-4D0F-B5F0-1E79CCB7B91A}.Release|x64.ActiveCfg = Release|Any CPU
		{B0E684E2-1D68-4D0F-B5F0-1E79CCB7B91A}.Release|x64.Build.0 = Release|Any CPU
		{B0E684E2-1D68-4D0F-B5F0-1E79CCB7B91A}.Release|x86.ActiveCfg = Release|Any CPU
		{B0E684E2-1D68-4D0F-B5F0-1E79CCB7B91A}.Release|x86.Build.0 = Release|Any CPU
		{41DD0F1B-D44F-4289-AE35-DAAA6498A74A}.Debug|Any CPU.ActiveCfg = Debug|Any CPU
		{41DD0F1B-D44F-4289-AE35-DAAA6498A74A}.Debug|Any CPU.Build.0 = Debug|Any CPU
		{41DD0F1B-D44F-4289-AE35-DAAA6498A74A}.Debug|ARM.ActiveCfg = Debug|Any CPU
		{41DD0F1B-D44F-4289-AE35-DAAA6498A74A}.Debug|ARM.Build.0 = Debug|Any CPU
		{41DD0F1B-D44F-4289-AE35-DAAA6498A74A}.Debug|ARM64.ActiveCfg = Debug|Any CPU
		{41DD0F1B-D44F-4289-AE35-DAAA6498A74A}.Debug|ARM64.Build.0 = Debug|Any CPU
		{41DD0F1B-D44F-4289-AE35-DAAA6498A74A}.Debug|x64.ActiveCfg = Debug|Any CPU
		{41DD0F1B-D44F-4289-AE35-DAAA6498A74A}.Debug|x64.Build.0 = Debug|Any CPU
		{41DD0F1B-D44F-4289-AE35-DAAA6498A74A}.Debug|x86.ActiveCfg = Debug|Any CPU
		{41DD0F1B-D44F-4289-AE35-DAAA6498A74A}.Debug|x86.Build.0 = Debug|Any CPU
		{41DD0F1B-D44F-4289-AE35-DAAA6498A74A}.Release|Any CPU.ActiveCfg = Release|Any CPU
		{41DD0F1B-D44F-4289-AE35-DAAA6498A74A}.Release|Any CPU.Build.0 = Release|Any CPU
		{41DD0F1B-D44F-4289-AE35-DAAA6498A74A}.Release|ARM.ActiveCfg = Release|Any CPU
		{41DD0F1B-D44F-4289-AE35-DAAA6498A74A}.Release|ARM.Build.0 = Release|Any CPU
		{41DD0F1B-D44F-4289-AE35-DAAA6498A74A}.Release|ARM64.ActiveCfg = Release|Any CPU
		{41DD0F1B-D44F-4289-AE35-DAAA6498A74A}.Release|ARM64.Build.0 = Release|Any CPU
		{41DD0F1B-D44F-4289-AE35-DAAA6498A74A}.Release|x64.ActiveCfg = Release|Any CPU
		{41DD0F1B-D44F-4289-AE35-DAAA6498A74A}.Release|x64.Build.0 = Release|Any CPU
		{41DD0F1B-D44F-4289-AE35-DAAA6498A74A}.Release|x86.ActiveCfg = Release|Any CPU
		{41DD0F1B-D44F-4289-AE35-DAAA6498A74A}.Release|x86.Build.0 = Release|Any CPU
		{CE4878A4-7E6C-4FD4-8823-38419AAAF6E5}.Debug|Any CPU.ActiveCfg = Debug|Any CPU
		{CE4878A4-7E6C-4FD4-8823-38419AAAF6E5}.Debug|Any CPU.Build.0 = Debug|Any CPU
		{CE4878A4-7E6C-4FD4-8823-38419AAAF6E5}.Debug|ARM.ActiveCfg = Debug|Any CPU
		{CE4878A4-7E6C-4FD4-8823-38419AAAF6E5}.Debug|ARM.Build.0 = Debug|Any CPU
		{CE4878A4-7E6C-4FD4-8823-38419AAAF6E5}.Debug|ARM64.ActiveCfg = Debug|Any CPU
		{CE4878A4-7E6C-4FD4-8823-38419AAAF6E5}.Debug|ARM64.Build.0 = Debug|Any CPU
		{CE4878A4-7E6C-4FD4-8823-38419AAAF6E5}.Debug|x64.ActiveCfg = Debug|Any CPU
		{CE4878A4-7E6C-4FD4-8823-38419AAAF6E5}.Debug|x64.Build.0 = Debug|Any CPU
		{CE4878A4-7E6C-4FD4-8823-38419AAAF6E5}.Debug|x86.ActiveCfg = Debug|Any CPU
		{CE4878A4-7E6C-4FD4-8823-38419AAAF6E5}.Debug|x86.Build.0 = Debug|Any CPU
		{CE4878A4-7E6C-4FD4-8823-38419AAAF6E5}.Release|Any CPU.ActiveCfg = Release|Any CPU
		{CE4878A4-7E6C-4FD4-8823-38419AAAF6E5}.Release|Any CPU.Build.0 = Release|Any CPU
		{CE4878A4-7E6C-4FD4-8823-38419AAAF6E5}.Release|ARM.ActiveCfg = Release|Any CPU
		{CE4878A4-7E6C-4FD4-8823-38419AAAF6E5}.Release|ARM.Build.0 = Release|Any CPU
		{CE4878A4-7E6C-4FD4-8823-38419AAAF6E5}.Release|ARM64.ActiveCfg = Release|Any CPU
		{CE4878A4-7E6C-4FD4-8823-38419AAAF6E5}.Release|ARM64.Build.0 = Release|Any CPU
		{CE4878A4-7E6C-4FD4-8823-38419AAAF6E5}.Release|x64.ActiveCfg = Release|Any CPU
		{CE4878A4-7E6C-4FD4-8823-38419AAAF6E5}.Release|x64.Build.0 = Release|Any CPU
		{CE4878A4-7E6C-4FD4-8823-38419AAAF6E5}.Release|x86.ActiveCfg = Release|Any CPU
		{CE4878A4-7E6C-4FD4-8823-38419AAAF6E5}.Release|x86.Build.0 = Release|Any CPU
		{E3DEBEDE-8002-422E-92AA-C7D0A14FF1D7}.Debug|Any CPU.ActiveCfg = Debug|Any CPU
		{E3DEBEDE-8002-422E-92AA-C7D0A14FF1D7}.Debug|Any CPU.Build.0 = Debug|Any CPU
		{E3DEBEDE-8002-422E-92AA-C7D0A14FF1D7}.Debug|ARM.ActiveCfg = Debug|Any CPU
		{E3DEBEDE-8002-422E-92AA-C7D0A14FF1D7}.Debug|ARM.Build.0 = Debug|Any CPU
		{E3DEBEDE-8002-422E-92AA-C7D0A14FF1D7}.Debug|ARM64.ActiveCfg = Debug|Any CPU
		{E3DEBEDE-8002-422E-92AA-C7D0A14FF1D7}.Debug|ARM64.Build.0 = Debug|Any CPU
		{E3DEBEDE-8002-422E-92AA-C7D0A14FF1D7}.Debug|x64.ActiveCfg = Debug|Any CPU
		{E3DEBEDE-8002-422E-92AA-C7D0A14FF1D7}.Debug|x64.Build.0 = Debug|Any CPU
		{E3DEBEDE-8002-422E-92AA-C7D0A14FF1D7}.Debug|x86.ActiveCfg = Debug|Any CPU
		{E3DEBEDE-8002-422E-92AA-C7D0A14FF1D7}.Debug|x86.Build.0 = Debug|Any CPU
		{E3DEBEDE-8002-422E-92AA-C7D0A14FF1D7}.Release|Any CPU.ActiveCfg = Release|Any CPU
		{E3DEBEDE-8002-422E-92AA-C7D0A14FF1D7}.Release|Any CPU.Build.0 = Release|Any CPU
		{E3DEBEDE-8002-422E-92AA-C7D0A14FF1D7}.Release|ARM.ActiveCfg = Release|Any CPU
		{E3DEBEDE-8002-422E-92AA-C7D0A14FF1D7}.Release|ARM.Build.0 = Release|Any CPU
		{E3DEBEDE-8002-422E-92AA-C7D0A14FF1D7}.Release|ARM64.ActiveCfg = Release|Any CPU
		{E3DEBEDE-8002-422E-92AA-C7D0A14FF1D7}.Release|ARM64.Build.0 = Release|Any CPU
		{E3DEBEDE-8002-422E-92AA-C7D0A14FF1D7}.Release|x64.ActiveCfg = Release|Any CPU
		{E3DEBEDE-8002-422E-92AA-C7D0A14FF1D7}.Release|x64.Build.0 = Release|Any CPU
		{E3DEBEDE-8002-422E-92AA-C7D0A14FF1D7}.Release|x86.ActiveCfg = Release|Any CPU
		{E3DEBEDE-8002-422E-92AA-C7D0A14FF1D7}.Release|x86.Build.0 = Release|Any CPU
		{84AFD7CF-CF0F-40AD-991E-2C11F03FEA15}.Debug|Any CPU.ActiveCfg = Debug|x86
		{84AFD7CF-CF0F-40AD-991E-2C11F03FEA15}.Debug|ARM.ActiveCfg = Debug|ARM
		{84AFD7CF-CF0F-40AD-991E-2C11F03FEA15}.Debug|ARM.Build.0 = Debug|ARM
		{84AFD7CF-CF0F-40AD-991E-2C11F03FEA15}.Debug|ARM.Deploy.0 = Debug|ARM
		{84AFD7CF-CF0F-40AD-991E-2C11F03FEA15}.Debug|ARM64.ActiveCfg = Debug|ARM64
		{84AFD7CF-CF0F-40AD-991E-2C11F03FEA15}.Debug|ARM64.Build.0 = Debug|ARM64
		{84AFD7CF-CF0F-40AD-991E-2C11F03FEA15}.Debug|ARM64.Deploy.0 = Debug|ARM64
		{84AFD7CF-CF0F-40AD-991E-2C11F03FEA15}.Debug|x64.ActiveCfg = Debug|x64
		{84AFD7CF-CF0F-40AD-991E-2C11F03FEA15}.Debug|x64.Build.0 = Debug|x64
		{84AFD7CF-CF0F-40AD-991E-2C11F03FEA15}.Debug|x64.Deploy.0 = Debug|x64
		{84AFD7CF-CF0F-40AD-991E-2C11F03FEA15}.Debug|x86.ActiveCfg = Debug|x86
		{84AFD7CF-CF0F-40AD-991E-2C11F03FEA15}.Debug|x86.Build.0 = Debug|x86
		{84AFD7CF-CF0F-40AD-991E-2C11F03FEA15}.Debug|x86.Deploy.0 = Debug|x86
		{84AFD7CF-CF0F-40AD-991E-2C11F03FEA15}.Release|Any CPU.ActiveCfg = Release|x86
		{84AFD7CF-CF0F-40AD-991E-2C11F03FEA15}.Release|ARM.ActiveCfg = Release|ARM
		{84AFD7CF-CF0F-40AD-991E-2C11F03FEA15}.Release|ARM.Build.0 = Release|ARM
		{84AFD7CF-CF0F-40AD-991E-2C11F03FEA15}.Release|ARM.Deploy.0 = Release|ARM
		{84AFD7CF-CF0F-40AD-991E-2C11F03FEA15}.Release|ARM64.ActiveCfg = Release|ARM64
		{84AFD7CF-CF0F-40AD-991E-2C11F03FEA15}.Release|ARM64.Build.0 = Release|ARM64
		{84AFD7CF-CF0F-40AD-991E-2C11F03FEA15}.Release|ARM64.Deploy.0 = Release|ARM64
		{84AFD7CF-CF0F-40AD-991E-2C11F03FEA15}.Release|x64.ActiveCfg = Release|x64
		{84AFD7CF-CF0F-40AD-991E-2C11F03FEA15}.Release|x64.Build.0 = Release|x64
		{84AFD7CF-CF0F-40AD-991E-2C11F03FEA15}.Release|x64.Deploy.0 = Release|x64
		{84AFD7CF-CF0F-40AD-991E-2C11F03FEA15}.Release|x86.ActiveCfg = Release|x86
		{84AFD7CF-CF0F-40AD-991E-2C11F03FEA15}.Release|x86.Build.0 = Release|x86
		{84AFD7CF-CF0F-40AD-991E-2C11F03FEA15}.Release|x86.Deploy.0 = Release|x86
		{BA62F0A4-BEE2-43B5-9E9E-DAE66D180904}.Debug|Any CPU.ActiveCfg = Debug|Any CPU
		{BA62F0A4-BEE2-43B5-9E9E-DAE66D180904}.Debug|Any CPU.Build.0 = Debug|Any CPU
		{BA62F0A4-BEE2-43B5-9E9E-DAE66D180904}.Debug|ARM.ActiveCfg = Debug|Any CPU
		{BA62F0A4-BEE2-43B5-9E9E-DAE66D180904}.Debug|ARM.Build.0 = Debug|Any CPU
		{BA62F0A4-BEE2-43B5-9E9E-DAE66D180904}.Debug|ARM64.ActiveCfg = Debug|Any CPU
		{BA62F0A4-BEE2-43B5-9E9E-DAE66D180904}.Debug|ARM64.Build.0 = Debug|Any CPU
		{BA62F0A4-BEE2-43B5-9E9E-DAE66D180904}.Debug|x64.ActiveCfg = Debug|Any CPU
		{BA62F0A4-BEE2-43B5-9E9E-DAE66D180904}.Debug|x64.Build.0 = Debug|Any CPU
		{BA62F0A4-BEE2-43B5-9E9E-DAE66D180904}.Debug|x86.ActiveCfg = Debug|Any CPU
		{BA62F0A4-BEE2-43B5-9E9E-DAE66D180904}.Debug|x86.Build.0 = Debug|Any CPU
		{BA62F0A4-BEE2-43B5-9E9E-DAE66D180904}.Release|Any CPU.ActiveCfg = Release|Any CPU
		{BA62F0A4-BEE2-43B5-9E9E-DAE66D180904}.Release|Any CPU.Build.0 = Release|Any CPU
		{BA62F0A4-BEE2-43B5-9E9E-DAE66D180904}.Release|ARM.ActiveCfg = Release|Any CPU
		{BA62F0A4-BEE2-43B5-9E9E-DAE66D180904}.Release|ARM.Build.0 = Release|Any CPU
		{BA62F0A4-BEE2-43B5-9E9E-DAE66D180904}.Release|ARM64.ActiveCfg = Release|Any CPU
		{BA62F0A4-BEE2-43B5-9E9E-DAE66D180904}.Release|ARM64.Build.0 = Release|Any CPU
		{BA62F0A4-BEE2-43B5-9E9E-DAE66D180904}.Release|x64.ActiveCfg = Release|Any CPU
		{BA62F0A4-BEE2-43B5-9E9E-DAE66D180904}.Release|x64.Build.0 = Release|Any CPU
		{BA62F0A4-BEE2-43B5-9E9E-DAE66D180904}.Release|x86.ActiveCfg = Release|Any CPU
		{BA62F0A4-BEE2-43B5-9E9E-DAE66D180904}.Release|x86.Build.0 = Release|Any CPU
	EndGlobalSection
	GlobalSection(SolutionProperties) = preSolution
		HideSolutionNode = FALSE
	EndGlobalSection
	GlobalSection(NestedProjects) = preSolution
		{7DAB9935-8860-4733-ACE2-22DC96C515F9} = {38E30843-340B-43C7-AD1F-A83DA31275E4}
		{43898098-9AF0-4DB1-A767-440B63E8BA31} = {7DAB9935-8860-4733-ACE2-22DC96C515F9}
		{DAEE5900-48EB-4E85-A0D1-0CAB25C61F9B} = {38E30843-340B-43C7-AD1F-A83DA31275E4}
		{E30AC28E-E4EA-4A0C-9355-05637ADB1AFF} = {DAEE5900-48EB-4E85-A0D1-0CAB25C61F9B}
		{2D61B375-05F9-436C-AB7D-54C06CA1D478} = {38E30843-340B-43C7-AD1F-A83DA31275E4}
		{223153C1-AFCD-4DC6-BEA2-8A8D7462CAE8} = {2D61B375-05F9-436C-AB7D-54C06CA1D478}
		{62CD78A1-1CDC-4420-B207-B1FF6666D7A0} = {38E30843-340B-43C7-AD1F-A83DA31275E4}
		{33DAD75C-D86E-4967-85E4-47C567D0D8C7} = {62CD78A1-1CDC-4420-B207-B1FF6666D7A0}
		{D41A7C45-395F-458D-A5B5-A850F2E51274} = {38E30843-340B-43C7-AD1F-A83DA31275E4}
		{8D252E08-1454-4A0C-ACF5-892504F3B6FA} = {D41A7C45-395F-458D-A5B5-A850F2E51274}
		{4574242E-F3A6-4E20-BFD7-CE1562089506} = {38E30843-340B-43C7-AD1F-A83DA31275E4}
		{5C9358B2-F242-419D-A5CC-585DDC45BE6E} = {4574242E-F3A6-4E20-BFD7-CE1562089506}
		{6DED8AB4-4896-4483-AD27-EF00E7F21B00} = {38E30843-340B-43C7-AD1F-A83DA31275E4}
		{7A2EB1C2-0FAF-4991-94F9-A3182B8C9A6B} = {6DED8AB4-4896-4483-AD27-EF00E7F21B00}
		{DB14FD27-9185-4919-926E-3E22F7F08EA4} = {38E30843-340B-43C7-AD1F-A83DA31275E4}
		{402BD8D8-66F1-4233-A5DE-6D37FC13C0F1} = {DB14FD27-9185-4919-926E-3E22F7F08EA4}
		{3062BE79-2252-4B36-957F-809F8D3D58E9} = {38E30843-340B-43C7-AD1F-A83DA31275E4}
		{02370F7C-8B25-4357-BAD7-CC0361742B24} = {3062BE79-2252-4B36-957F-809F8D3D58E9}
		{EAB5F226-1165-4CAF-BF00-DE68A9D2C225} = {38E30843-340B-43C7-AD1F-A83DA31275E4}
		{71F14E24-3A21-43EA-AF36-09506CCA857E} = {EAB5F226-1165-4CAF-BF00-DE68A9D2C225}
		{0DD30152-312C-4CE3-B9EA-84EF4C741FF8} = {38E30843-340B-43C7-AD1F-A83DA31275E4}
		{06AFF659-1FB3-445C-B4C8-EB3D2A4D1D22} = {0DD30152-312C-4CE3-B9EA-84EF4C741FF8}
		{F4B579E1-0F57-46C1-BF8F-07C9222462DD} = {38E30843-340B-43C7-AD1F-A83DA31275E4}
		{5CBA3B04-CFEA-4E07-9811-4BB5C4794554} = {F4B579E1-0F57-46C1-BF8F-07C9222462DD}
		{622E2836-1908-441E-8853-1F75FFF325B7} = {38E30843-340B-43C7-AD1F-A83DA31275E4}
		{10F0C3A1-94B0-4CAF-9D0D-B99A33EBFA07} = {622E2836-1908-441E-8853-1F75FFF325B7}
		{9A684FFD-F30D-45FF-B555-782C78BADAB7} = {38E30843-340B-43C7-AD1F-A83DA31275E4}
		{F3EE002C-10A6-4128-8CCE-3365CE43065F} = {9A684FFD-F30D-45FF-B555-782C78BADAB7}
		{D29F3AD4-941D-4842-BB01-2AD32CAA2F90} = {38E30843-340B-43C7-AD1F-A83DA31275E4}
		{EE86D7BF-9995-4103-AD73-101C3D7CE61F} = {D29F3AD4-941D-4842-BB01-2AD32CAA2F90}
		{DF4ED69F-145D-4C3D-9A0B-922D4BB4074C} = {38E30843-340B-43C7-AD1F-A83DA31275E4}
		{B0E684E2-1D68-4D0F-B5F0-1E79CCB7B91A} = {DF4ED69F-145D-4C3D-9A0B-922D4BB4074C}
		{18D11AF5-C0EA-4C26-911E-B61C7DC0B5D2} = {38E30843-340B-43C7-AD1F-A83DA31275E4}
		{41DD0F1B-D44F-4289-AE35-DAAA6498A74A} = {18D11AF5-C0EA-4C26-911E-B61C7DC0B5D2}
		{C170057D-5739-41B6-AC36-D5BB916DB029} = {38E30843-340B-43C7-AD1F-A83DA31275E4}
		{CE4878A4-7E6C-4FD4-8823-38419AAAF6E5} = {C170057D-5739-41B6-AC36-D5BB916DB029}
		{F83DC248-522D-4A9D-A850-70A438A83F0A} = {38E30843-340B-43C7-AD1F-A83DA31275E4}
		{E3DEBEDE-8002-422E-92AA-C7D0A14FF1D7} = {F83DC248-522D-4A9D-A850-70A438A83F0A}
		{CDD787FD-FFBB-4FFD-BF41-3AE322CC587F} = {38E30843-340B-43C7-AD1F-A83DA31275E4}
		{84AFD7CF-CF0F-40AD-991E-2C11F03FEA15} = {CDD787FD-FFBB-4FFD-BF41-3AE322CC587F}
		{B867693E-1A49-43F1-9347-4CBFB2A11D80} = {38E30843-340B-43C7-AD1F-A83DA31275E4}
		{BA62F0A4-BEE2-43B5-9E9E-DAE66D180904} = {B867693E-1A49-43F1-9347-4CBFB2A11D80}
	EndGlobalSection
	GlobalSection(ExtensibilityGlobals) = postSolution
		SolutionGuid = {5369407B-38DA-4422-9A7D-F4AB2994BB35}
	EndGlobalSection
EndGlobal
